
Microsoft Visual Studio Solution File, Format Version 12.00
# Visual Studio Version 17
VisualStudioVersion = 17.10.34928.147
MinimumVisualStudioVersion = 10.0.40219.1
Project("{9A19103F-16F7-4668-BE54-9A1E7A4F7556}") = "BB.IdentityService.WebAPI", "BB.IdentityService.WebAPI\BB.IdentityService.WebAPI.csproj", "{2A5A70E9-4843-4B15-A3FC-F9EC64A51FFB}"
EndProject
Project("{9A19103F-16F7-4668-BE54-9A1E7A4F7556}") = "BB.IdentityService.Tests", "BB.IdentityService.Tests\BB.IdentityService.Tests.csproj", "{6C416F53-952A-4152-8AAE-2A9819A2E699}"
EndProject
Project("{FAE04EC0-301F-11D3-BF4B-00C04F79EFBC}") = "BB.Core", "BB.Core\BB.Core.csproj", "{6C54A8DF-1F5A-4CCC-99CB-374164F02384}"
EndProject
Global
	GlobalSection(SolutionConfigurationPlatforms) = preSolution
		Debug|Any CPU = Debug|Any CPU
		Release|Any CPU = Release|Any CPU
	EndGlobalSection
	GlobalSection(ProjectConfigurationPlatforms) = postSolution
		{2A5A70E9-4843-4B15-A3FC-F9EC64A51FFB}.Debug|Any CPU.ActiveCfg = Debug|Any CPU
		{2A5A70E9-4843-4B15-A3FC-F9EC64A51FFB}.Debug|Any CPU.Build.0 = Debug|Any CPU
		{2A5A70E9-4843-4B15-A3FC-F9EC64A51FFB}.Release|Any CPU.ActiveCfg = Release|Any CPU
		{2A5A70E9-4843-4B15-A3FC-F9EC64A51FFB}.Release|Any CPU.Build.0 = Release|Any CPU
		{6C416F53-952A-4152-8AAE-2A9819A2E699}.Debug|Any CPU.ActiveCfg = Debug|Any CPU
		{6C416F53-952A-4152-8AAE-2A9819A2E699}.Debug|Any CPU.Build.0 = Debug|Any CPU
		{6C416F53-952A-4152-8AAE-2A9819A2E699}.Release|Any CPU.ActiveCfg = Release|Any CPU
		{6C416F53-952A-4152-8AAE-2A9819A2E699}.Release|Any CPU.Build.0 = Release|Any CPU
		{6C54A8DF-1F5A-4CCC-99CB-374164F02384}.Debug|Any CPU.ActiveCfg = Debug|Any CPU
		{6C54A8DF-1F5A-4CCC-99CB-374164F02384}.Debug|Any CPU.Build.0 = Debug|Any CPU
		{6C54A8DF-1F5A-4CCC-99CB-374164F02384}.Release|Any CPU.ActiveCfg = Release|Any CPU
		{6C54A8DF-1F5A-4CCC-99CB-374164F02384}.Release|Any CPU.Build.0 = Release|Any CPU
	EndGlobalSection
	GlobalSection(SolutionProperties) = preSolution
		HideSolutionNode = FALSE
	EndGlobalSection
	GlobalSection(ExtensibilityGlobals) = postSolution
		SolutionGuid = {13C2D63A-8A20-4C77-9C97-DBCD949F1B41}
	EndGlobalSection
EndGlobal
